
Microsoft Visual Studio Solution File, Format Version 12.00
# Visual Studio Version 17
VisualStudioVersion = 17.9.34728.123
MinimumVisualStudioVersion = 10.0.40219.1
Project("{FAE04EC0-301F-11D3-BF4B-00C04F79EFBC}") = "git_project", "git_project\git_project.csproj", "{EDA7AA89-ED6C-4304-8AD3-3A7F695600BF}"
EndProject
Global
	GlobalSection(SolutionConfigurationPlatforms) = preSolution
		Debug|Any CPU = Debug|Any CPU
		Release|Any CPU = Release|Any CPU
	EndGlobalSection
	GlobalSection(ProjectConfigurationPlatforms) = postSolution
		{EDA7AA89-ED6C-4304-8AD3-3A7F695600BF}.Debug|Any CPU.ActiveCfg = Debug|Any CPU
		{EDA7AA89-ED6C-4304-8AD3-3A7F695600BF}.Debug|Any CPU.Build.0 = Debug|Any CPU
		{EDA7AA89-ED6C-4304-8AD3-3A7F695600BF}.Release|Any CPU.ActiveCfg = Release|Any CPU
		{EDA7AA89-ED6C-4304-8AD3-3A7F695600BF}.Release|Any CPU.Build.0 = Release|Any CPU
	EndGlobalSection
	GlobalSection(SolutionProperties) = preSolution
		HideSolutionNode = FALSE
	EndGlobalSection
	GlobalSection(ExtensibilityGlobals) = postSolution
		SolutionGuid = {329CF8AA-5D84-4BD7-8AFC-5FD8887D6C78}
	EndGlobalSection
EndGlobal
